<Solution>
  <Folder Name="/Solution Items/">
    <File Path=".editorconfig" />
    <File Path=".gitattributes" />
    <File Path=".gitignore" />
    <File Path="BB84.IPTV.sln.licenseheader" />
    <File Path="CODEOWNERS" />
    <File Path="CODE_OF_CONDUCT.md" />
    <File Path="Directory.Build.props" />
    <File Path="Directory.Packages.props" />
    <File Path="LICENSE" />
  </Folder>
  <Folder Name="/src/">
    <Project Path="src/BB84.IPTV.M3U.Editor.Application/BB84.IPTV.M3U.Editor.Application.csproj" />
    <Project Path="src/BB84.IPTV.M3U.Editor.Domain/BB84.IPTV.M3U.Editor.Domain.csproj" />
    <Project Path="src/BB84.IPTV.M3U.Editor.Infrastructure/BB84.IPTV.M3U.Editor.Infrastructure.csproj" />
    <Project Path="src/BB84.IPTV.M3U.Editor.Presentation/BB84.IPTV.M3U.Editor.Presentation.csproj" />
    <Project Path="src/BB84.IPTV.M3U.Editor/BB84.IPTV.M3U.Editor.csproj" />
  </Folder>
  <Folder Name="/tests/">
    <Project Path="tests/BB84.IPTV.M3U.Editor.Application.Tests/BB84.IPTV.M3U.Editor.Application.Tests.csproj" />
    <Project Path="tests/BB84.IPTV.M3U.Editor.Domain.Tests/BB84.IPTV.M3U.Editor.Domain.Tests.csproj" />
    <Project Path="tests/BB84.IPTV.M3U.Editor.Infrastructure.Tests/BB84.IPTV.M3U.Editor.Infrastructure.Tests.csproj" />
    <Project Path="tests/BB84.IPTV.M3U.Editor.Presentation.Tests/BB84.IPTV.M3U.Editor.Presentation.Tests.csproj" />
  </Folder>
</Solution>
